
Microsoft Visual Studio Solution File, Format Version 12.00
# Visual Studio 15
VisualStudioVersion = 15.0.28307.1300
MinimumVisualStudioVersion = 10.0.40219.1
Project("{FAE04EC0-301F-11D3-BF4B-00C04F79EFBC}") = "padrao_projetos", "padrao_projetos\padrao_projetos.csproj", "{C0E17DA0-7916-4AA7-B60B-9D1A9A7323AC}"
EndProject
Project("{FAE04EC0-301F-11D3-BF4B-00C04F79EFBC}") = "business", "business\business.csproj", "{695ABC28-63EF-4C54-AC28-A27CA2496482}"
EndProject
Project("{FAE04EC0-301F-11D3-BF4B-00C04F79EFBC}") = "Site", "Site\Site.csproj", "{A8CD1436-E6D4-4652-8B81-9FC7EF9CA644}"
EndProject
Project("{FAE04EC0-301F-11D3-BF4B-00C04F79EFBC}") = "WindowsFormsApp1", "WindowsFormsApp1\WindowsFormsApp1.csproj", "{8756B28C-F968-42CA-AF18-485E32A78881}"
EndProject
Project("{FAE04EC0-301F-11D3-BF4B-00C04F79EFBC}") = "RepositorioEF", "RepositorioEF\RepositorioEF.csproj", "{764BD041-F545-4732-8578-0FE5DC684EF3}"
EndProject
Project("{FAE04EC0-301F-11D3-BF4B-00C04F79EFBC}") = "AplicativoXamarin.Android", "AplicativoXamarin\AplicativoXamarin.Android\AplicativoXamarin.Android.csproj", "{09AED241-1F55-4E54-A2F9-DDC5B18231A3}"
EndProject
Project("{FAE04EC0-301F-11D3-BF4B-00C04F79EFBC}") = "AplicativoXamarin.iOS", "AplicativoXamarin\AplicativoXamarin.iOS\AplicativoXamarin.iOS.csproj", "{BDA3D17F-C696-4B71-A50B-59206DF58509}"
EndProject
Project("{FAE04EC0-301F-11D3-BF4B-00C04F79EFBC}") = "AplicativoXamarin.UWP", "AplicativoXamarin\AplicativoXamarin.UWP\AplicativoXamarin.UWP.csproj", "{3199BB27-B40D-4761-BCA0-7A76E767E873}"
EndProject
Project("{D954291E-2A0B-460D-934E-DC6B0785DB48}") = "AplicativoXamarin", "AplicativoXamarin\AplicativoXamarin\AplicativoXamarin.shproj", "{F40BDC5E-A253-44C1-80BF-B51CD3881344}"
EndProject
Global
	GlobalSection(SharedMSBuildProjectFiles) = preSolution
		AplicativoXamarin\AplicativoXamarin\AplicativoXamarin.projitems*{09aed241-1f55-4e54-a2f9-ddc5b18231a3}*SharedItemsImports = 4
		AplicativoXamarin\AplicativoXamarin\AplicativoXamarin.projitems*{3199bb27-b40d-4761-bca0-7a76e767e873}*SharedItemsImports = 4
		AplicativoXamarin\AplicativoXamarin\AplicativoXamarin.projitems*{bda3d17f-c696-4b71-a50b-59206df58509}*SharedItemsImports = 4
		AplicativoXamarin\AplicativoXamarin\AplicativoXamarin.projitems*{f40bdc5e-a253-44c1-80bf-b51cd3881344}*SharedItemsImports = 13
	EndGlobalSection
	GlobalSection(SolutionConfigurationPlatforms) = preSolution
		Ad-Hoc|Any CPU = Ad-Hoc|Any CPU
		Ad-Hoc|ARM = Ad-Hoc|ARM
		Ad-Hoc|iPhone = Ad-Hoc|iPhone
		Ad-Hoc|iPhoneSimulator = Ad-Hoc|iPhoneSimulator
		Ad-Hoc|x64 = Ad-Hoc|x64
		Ad-Hoc|x86 = Ad-Hoc|x86
		AppStore|Any CPU = AppStore|Any CPU
		AppStore|ARM = AppStore|ARM
		AppStore|iPhone = AppStore|iPhone
		AppStore|iPhoneSimulator = AppStore|iPhoneSimulator
		AppStore|x64 = AppStore|x64
		AppStore|x86 = AppStore|x86
		Debug|Any CPU = Debug|Any CPU
		Debug|ARM = Debug|ARM
		Debug|iPhone = Debug|iPhone
		Debug|iPhoneSimulator = Debug|iPhoneSimulator
		Debug|x64 = Debug|x64
		Debug|x86 = Debug|x86
		Release|Any CPU = Release|Any CPU
		Release|ARM = Release|ARM
		Release|iPhone = Release|iPhone
		Release|iPhoneSimulator = Release|iPhoneSimulator
		Release|x64 = Release|x64
		Release|x86 = Release|x86
	EndGlobalSection
	GlobalSection(ProjectConfigurationPlatforms) = postSolution
		{C0E17DA0-7916-4AA7-B60B-9D1A9A7323AC}.Ad-Hoc|Any CPU.ActiveCfg = Release|Any CPU
		{C0E17DA0-7916-4AA7-B60B-9D1A9A7323AC}.Ad-Hoc|Any CPU.Build.0 = Release|Any CPU
		{C0E17DA0-7916-4AA7-B60B-9D1A9A7323AC}.Ad-Hoc|ARM.ActiveCfg = Release|Any CPU
		{C0E17DA0-7916-4AA7-B60B-9D1A9A7323AC}.Ad-Hoc|ARM.Build.0 = Release|Any CPU
		{C0E17DA0-7916-4AA7-B60B-9D1A9A7323AC}.Ad-Hoc|iPhone.ActiveCfg = Release|Any CPU
		{C0E17DA0-7916-4AA7-B60B-9D1A9A7323AC}.Ad-Hoc|iPhone.Build.0 = Release|Any CPU
		{C0E17DA0-7916-4AA7-B60B-9D1A9A7323AC}.Ad-Hoc|iPhoneSimulator.ActiveCfg = Release|Any CPU
		{C0E17DA0-7916-4AA7-B60B-9D1A9A7323AC}.Ad-Hoc|iPhoneSimulator.Build.0 = Release|Any CPU
		{C0E17DA0-7916-4AA7-B60B-9D1A9A7323AC}.Ad-Hoc|x64.ActiveCfg = Release|Any CPU
		{C0E17DA0-7916-4AA7-B60B-9D1A9A7323AC}.Ad-Hoc|x64.Build.0 = Release|Any CPU
		{C0E17DA0-7916-4AA7-B60B-9D1A9A7323AC}.Ad-Hoc|x86.ActiveCfg = Release|Any CPU
		{C0E17DA0-7916-4AA7-B60B-9D1A9A7323AC}.Ad-Hoc|x86.Build.0 = Release|Any CPU
		{C0E17DA0-7916-4AA7-B60B-9D1A9A7323AC}.AppStore|Any CPU.ActiveCfg = Release|Any CPU
		{C0E17DA0-7916-4AA7-B60B-9D1A9A7323AC}.AppStore|Any CPU.Build.0 = Release|Any CPU
		{C0E17DA0-7916-4AA7-B60B-9D1A9A7323AC}.AppStore|ARM.ActiveCfg = Release|Any CPU
		{C0E17DA0-7916-4AA7-B60B-9D1A9A7323AC}.AppStore|ARM.Build.0 = Release|Any CPU
		{C0E17DA0-7916-4AA7-B60B-9D1A9A7323AC}.AppStore|iPhone.ActiveCfg = Release|Any CPU
		{C0E17DA0-7916-4AA7-B60B-9D1A9A7323AC}.AppStore|iPhone.Build.0 = Release|Any CPU
		{C0E17DA0-7916-4AA7-B60B-9D1A9A7323AC}.AppStore|iPhoneSimulator.ActiveCfg = Release|Any CPU
		{C0E17DA0-7916-4AA7-B60B-9D1A9A7323AC}.AppStore|iPhoneSimulator.Build.0 = Release|Any CPU
		{C0E17DA0-7916-4AA7-B60B-9D1A9A7323AC}.AppStore|x64.ActiveCfg = Release|Any CPU
		{C0E17DA0-7916-4AA7-B60B-9D1A9A7323AC}.AppStore|x64.Build.0 = Release|Any CPU
		{C0E17DA0-7916-4AA7-B60B-9D1A9A7323AC}.AppStore|x86.ActiveCfg = Release|Any CPU
		{C0E17DA0-7916-4AA7-B60B-9D1A9A7323AC}.AppStore|x86.Build.0 = Release|Any CPU
		{C0E17DA0-7916-4AA7-B60B-9D1A9A7323AC}.Debug|Any CPU.ActiveCfg = Debug|Any CPU
		{C0E17DA0-7916-4AA7-B60B-9D1A9A7323AC}.Debug|Any CPU.Build.0 = Debug|Any CPU
		{C0E17DA0-7916-4AA7-B60B-9D1A9A7323AC}.Debug|ARM.ActiveCfg = Debug|Any CPU
		{C0E17DA0-7916-4AA7-B60B-9D1A9A7323AC}.Debug|ARM.Build.0 = Debug|Any CPU
		{C0E17DA0-7916-4AA7-B60B-9D1A9A7323AC}.Debug|iPhone.ActiveCfg = Debug|Any CPU
		{C0E17DA0-7916-4AA7-B60B-9D1A9A7323AC}.Debug|iPhone.Build.0 = Debug|Any CPU
		{C0E17DA0-7916-4AA7-B60B-9D1A9A7323AC}.Debug|iPhoneSimulator.ActiveCfg = Debug|Any CPU
		{C0E17DA0-7916-4AA7-B60B-9D1A9A7323AC}.Debug|iPhoneSimulator.Build.0 = Debug|Any CPU
		{C0E17DA0-7916-4AA7-B60B-9D1A9A7323AC}.Debug|x64.ActiveCfg = Debug|Any CPU
		{C0E17DA0-7916-4AA7-B60B-9D1A9A7323AC}.Debug|x64.Build.0 = Debug|Any CPU
		{C0E17DA0-7916-4AA7-B60B-9D1A9A7323AC}.Debug|x86.ActiveCfg = Debug|Any CPU
		{C0E17DA0-7916-4AA7-B60B-9D1A9A7323AC}.Debug|x86.Build.0 = Debug|Any CPU
		{C0E17DA0-7916-4AA7-B60B-9D1A9A7323AC}.Release|Any CPU.ActiveCfg = Release|Any CPU
		{C0E17DA0-7916-4AA7-B60B-9D1A9A7323AC}.Release|Any CPU.Build.0 = Release|Any CPU
		{C0E17DA0-7916-4AA7-B60B-9D1A9A7323AC}.Release|ARM.ActiveCfg = Release|Any CPU
		{C0E17DA0-7916-4AA7-B60B-9D1A9A7323AC}.Release|ARM.Build.0 = Release|Any CPU
		{C0E17DA0-7916-4AA7-B60B-9D1A9A7323AC}.Release|iPhone.ActiveCfg = Release|Any CPU
		{C0E17DA0-7916-4AA7-B60B-9D1A9A7323AC}.Release|iPhone.Build.0 = Release|Any CPU
		{C0E17DA0-7916-4AA7-B60B-9D1A9A7323AC}.Release|iPhoneSimulator.ActiveCfg = Release|Any CPU
		{C0E17DA0-7916-4AA7-B60B-9D1A9A7323AC}.Release|iPhoneSimulator.Build.0 = Release|Any CPU
		{C0E17DA0-7916-4AA7-B60B-9D1A9A7323AC}.Release|x64.ActiveCfg = Release|Any CPU
		{C0E17DA0-7916-4AA7-B60B-9D1A9A7323AC}.Release|x64.Build.0 = Release|Any CPU
		{C0E17DA0-7916-4AA7-B60B-9D1A9A7323AC}.Release|x86.ActiveCfg = Release|Any CPU
		{C0E17DA0-7916-4AA7-B60B-9D1A9A7323AC}.Release|x86.Build.0 = Release|Any CPU
		{695ABC28-63EF-4C54-AC28-A27CA2496482}.Ad-Hoc|Any CPU.ActiveCfg = Release|Any CPU
		{695ABC28-63EF-4C54-AC28-A27CA2496482}.Ad-Hoc|Any CPU.Build.0 = Release|Any CPU
		{695ABC28-63EF-4C54-AC28-A27CA2496482}.Ad-Hoc|ARM.ActiveCfg = Release|Any CPU
		{695ABC28-63EF-4C54-AC28-A27CA2496482}.Ad-Hoc|ARM.Build.0 = Release|Any CPU
		{695ABC28-63EF-4C54-AC28-A27CA2496482}.Ad-Hoc|iPhone.ActiveCfg = Release|Any CPU
		{695ABC28-63EF-4C54-AC28-A27CA2496482}.Ad-Hoc|iPhone.Build.0 = Release|Any CPU
		{695ABC28-63EF-4C54-AC28-A27CA2496482}.Ad-Hoc|iPhoneSimulator.ActiveCfg = Release|Any CPU
		{695ABC28-63EF-4C54-AC28-A27CA2496482}.Ad-Hoc|iPhoneSimulator.Build.0 = Release|Any CPU
		{695ABC28-63EF-4C54-AC28-A27CA2496482}.Ad-Hoc|x64.ActiveCfg = Release|Any CPU
		{695ABC28-63EF-4C54-AC28-A27CA2496482}.Ad-Hoc|x64.Build.0 = Release|Any CPU
		{695ABC28-63EF-4C54-AC28-A27CA2496482}.Ad-Hoc|x86.ActiveCfg = Release|Any CPU
		{695ABC28-63EF-4C54-AC28-A27CA2496482}.Ad-Hoc|x86.Build.0 = Release|Any CPU
		{695ABC28-63EF-4C54-AC28-A27CA2496482}.AppStore|Any CPU.ActiveCfg = Release|Any CPU
		{695ABC28-63EF-4C54-AC28-A27CA2496482}.AppStore|Any CPU.Build.0 = Release|Any CPU
		{695ABC28-63EF-4C54-AC28-A27CA2496482}.AppStore|ARM.ActiveCfg = Release|Any CPU
		{695ABC28-63EF-4C54-AC28-A27CA2496482}.AppStore|ARM.Build.0 = Release|Any CPU
		{695ABC28-63EF-4C54-AC28-A27CA2496482}.AppStore|iPhone.ActiveCfg = Release|Any CPU
		{695ABC28-63EF-4C54-AC28-A27CA2496482}.AppStore|iPhone.Build.0 = Release|Any CPU
		{695ABC28-63EF-4C54-AC28-A27CA2496482}.AppStore|iPhoneSimulator.ActiveCfg = Release|Any CPU
		{695ABC28-63EF-4C54-AC28-A27CA2496482}.AppStore|iPhoneSimulator.Build.0 = Release|Any CPU
		{695ABC28-63EF-4C54-AC28-A27CA2496482}.AppStore|x64.ActiveCfg = Release|Any CPU
		{695ABC28-63EF-4C54-AC28-A27CA2496482}.AppStore|x64.Build.0 = Release|Any CPU
		{695ABC28-63EF-4C54-AC28-A27CA2496482}.AppStore|x86.ActiveCfg = Release|Any CPU
		{695ABC28-63EF-4C54-AC28-A27CA2496482}.AppStore|x86.Build.0 = Release|Any CPU
		{695ABC28-63EF-4C54-AC28-A27CA2496482}.Debug|Any CPU.ActiveCfg = Debug|Any CPU
		{695ABC28-63EF-4C54-AC28-A27CA2496482}.Debug|Any CPU.Build.0 = Debug|Any CPU
		{695ABC28-63EF-4C54-AC28-A27CA2496482}.Debug|ARM.ActiveCfg = Debug|Any CPU
		{695ABC28-63EF-4C54-AC28-A27CA2496482}.Debug|ARM.Build.0 = Debug|Any CPU
		{695ABC28-63EF-4C54-AC28-A27CA2496482}.Debug|iPhone.ActiveCfg = Debug|Any CPU
		{695ABC28-63EF-4C54-AC28-A27CA2496482}.Debug|iPhone.Build.0 = Debug|Any CPU
		{695ABC28-63EF-4C54-AC28-A27CA2496482}.Debug|iPhoneSimulator.ActiveCfg = Debug|Any CPU
		{695ABC28-63EF-4C54-AC28-A27CA2496482}.Debug|iPhoneSimulator.Build.0 = Debug|Any CPU
		{695ABC28-63EF-4C54-AC28-A27CA2496482}.Debug|x64.ActiveCfg = Debug|Any CPU
		{695ABC28-63EF-4C54-AC28-A27CA2496482}.Debug|x64.Build.0 = Debug|Any CPU
		{695ABC28-63EF-4C54-AC28-A27CA2496482}.Debug|x86.ActiveCfg = Debug|Any CPU
		{695ABC28-63EF-4C54-AC28-A27CA2496482}.Debug|x86.Build.0 = Debug|Any CPU
		{695ABC28-63EF-4C54-AC28-A27CA2496482}.Release|Any CPU.ActiveCfg = Release|Any CPU
		{695ABC28-63EF-4C54-AC28-A27CA2496482}.Release|Any CPU.Build.0 = Release|Any CPU
		{695ABC28-63EF-4C54-AC28-A27CA2496482}.Release|ARM.ActiveCfg = Release|Any CPU
		{695ABC28-63EF-4C54-AC28-A27CA2496482}.Release|ARM.Build.0 = Release|Any CPU
		{695ABC28-63EF-4C54-AC28-A27CA2496482}.Release|iPhone.ActiveCfg = Release|Any CPU
		{695ABC28-63EF-4C54-AC28-A27CA2496482}.Release|iPhone.Build.0 = Release|Any CPU
		{695ABC28-63EF-4C54-AC28-A27CA2496482}.Release|iPhoneSimulator.ActiveCfg = Release|Any CPU
		{695ABC28-63EF-4C54-AC28-A27CA2496482}.Release|iPhoneSimulator.Build.0 = Release|Any CPU
		{695ABC28-63EF-4C54-AC28-A27CA2496482}.Release|x64.ActiveCfg = Release|Any CPU
		{695ABC28-63EF-4C54-AC28-A27CA2496482}.Release|x64.Build.0 = Release|Any CPU
		{695ABC28-63EF-4C54-AC28-A27CA2496482}.Release|x86.ActiveCfg = Release|Any CPU
		{695ABC28-63EF-4C54-AC28-A27CA2496482}.Release|x86.Build.0 = Release|Any CPU
		{A8CD1436-E6D4-4652-8B81-9FC7EF9CA644}.Ad-Hoc|Any CPU.ActiveCfg = Release|Any CPU
		{A8CD1436-E6D4-4652-8B81-9FC7EF9CA644}.Ad-Hoc|Any CPU.Build.0 = Release|Any CPU
		{A8CD1436-E6D4-4652-8B81-9FC7EF9CA644}.Ad-Hoc|ARM.ActiveCfg = Release|Any CPU
		{A8CD1436-E6D4-4652-8B81-9FC7EF9CA644}.Ad-Hoc|ARM.Build.0 = Release|Any CPU
		{A8CD1436-E6D4-4652-8B81-9FC7EF9CA644}.Ad-Hoc|iPhone.ActiveCfg = Release|Any CPU
		{A8CD1436-E6D4-4652-8B81-9FC7EF9CA644}.Ad-Hoc|iPhone.Build.0 = Release|Any CPU
		{A8CD1436-E6D4-4652-8B81-9FC7EF9CA644}.Ad-Hoc|iPhoneSimulator.ActiveCfg = Release|Any CPU
		{A8CD1436-E6D4-4652-8B81-9FC7EF9CA644}.Ad-Hoc|iPhoneSimulator.Build.0 = Release|Any CPU
		{A8CD1436-E6D4-4652-8B81-9FC7EF9CA644}.Ad-Hoc|x64.ActiveCfg = Release|Any CPU
		{A8CD1436-E6D4-4652-8B81-9FC7EF9CA644}.Ad-Hoc|x64.Build.0 = Release|Any CPU
		{A8CD1436-E6D4-4652-8B81-9FC7EF9CA644}.Ad-Hoc|x86.ActiveCfg = Release|Any CPU
		{A8CD1436-E6D4-4652-8B81-9FC7EF9CA644}.Ad-Hoc|x86.Build.0 = Release|Any CPU
		{A8CD1436-E6D4-4652-8B81-9FC7EF9CA644}.AppStore|Any CPU.ActiveCfg = Release|Any CPU
		{A8CD1436-E6D4-4652-8B81-9FC7EF9CA644}.AppStore|Any CPU.Build.0 = Release|Any CPU
		{A8CD1436-E6D4-4652-8B81-9FC7EF9CA644}.AppStore|ARM.ActiveCfg = Release|Any CPU
		{A8CD1436-E6D4-4652-8B81-9FC7EF9CA644}.AppStore|ARM.Build.0 = Release|Any CPU
		{A8CD1436-E6D4-4652-8B81-9FC7EF9CA644}.AppStore|iPhone.ActiveCfg = Release|Any CPU
		{A8CD1436-E6D4-4652-8B81-9FC7EF9CA644}.AppStore|iPhone.Build.0 = Release|Any CPU
		{A8CD1436-E6D4-4652-8B81-9FC7EF9CA644}.AppStore|iPhoneSimulator.ActiveCfg = Release|Any CPU
		{A8CD1436-E6D4-4652-8B81-9FC7EF9CA644}.AppStore|iPhoneSimulator.Build.0 = Release|Any CPU
		{A8CD1436-E6D4-4652-8B81-9FC7EF9CA644}.AppStore|x64.ActiveCfg = Release|Any CPU
		{A8CD1436-E6D4-4652-8B81-9FC7EF9CA644}.AppStore|x64.Build.0 = Release|Any CPU
		{A8CD1436-E6D4-4652-8B81-9FC7EF9CA644}.AppStore|x86.ActiveCfg = Release|Any CPU
		{A8CD1436-E6D4-4652-8B81-9FC7EF9CA644}.AppStore|x86.Build.0 = Release|Any CPU
		{A8CD1436-E6D4-4652-8B81-9FC7EF9CA644}.Debug|Any CPU.ActiveCfg = Debug|Any CPU
		{A8CD1436-E6D4-4652-8B81-9FC7EF9CA644}.Debug|Any CPU.Build.0 = Debug|Any CPU
		{A8CD1436-E6D4-4652-8B81-9FC7EF9CA644}.Debug|ARM.ActiveCfg = Debug|Any CPU
		{A8CD1436-E6D4-4652-8B81-9FC7EF9CA644}.Debug|ARM.Build.0 = Debug|Any CPU
		{A8CD1436-E6D4-4652-8B81-9FC7EF9CA644}.Debug|iPhone.ActiveCfg = Debug|Any CPU
		{A8CD1436-E6D4-4652-8B81-9FC7EF9CA644}.Debug|iPhone.Build.0 = Debug|Any CPU
		{A8CD1436-E6D4-4652-8B81-9FC7EF9CA644}.Debug|iPhoneSimulator.ActiveCfg = Debug|Any CPU
		{A8CD1436-E6D4-4652-8B81-9FC7EF9CA644}.Debug|iPhoneSimulator.Build.0 = Debug|Any CPU
		{A8CD1436-E6D4-4652-8B81-9FC7EF9CA644}.Debug|x64.ActiveCfg = Debug|Any CPU
		{A8CD1436-E6D4-4652-8B81-9FC7EF9CA644}.Debug|x64.Build.0 = Debug|Any CPU
		{A8CD1436-E6D4-4652-8B81-9FC7EF9CA644}.Debug|x86.ActiveCfg = Debug|Any CPU
		{A8CD1436-E6D4-4652-8B81-9FC7EF9CA644}.Debug|x86.Build.0 = Debug|Any CPU
		{A8CD1436-E6D4-4652-8B81-9FC7EF9CA644}.Release|Any CPU.ActiveCfg = Release|Any CPU
		{A8CD1436-E6D4-4652-8B81-9FC7EF9CA644}.Release|Any CPU.Build.0 = Release|Any CPU
		{A8CD1436-E6D4-4652-8B81-9FC7EF9CA644}.Release|ARM.ActiveCfg = Release|Any CPU
		{A8CD1436-E6D4-4652-8B81-9FC7EF9CA644}.Release|ARM.Build.0 = Release|Any CPU
		{A8CD1436-E6D4-4652-8B81-9FC7EF9CA644}.Release|iPhone.ActiveCfg = Release|Any CPU
		{A8CD1436-E6D4-4652-8B81-9FC7EF9CA644}.Release|iPhone.Build.0 = Release|Any CPU
		{A8CD1436-E6D4-4652-8B81-9FC7EF9CA644}.Release|iPhoneSimulator.ActiveCfg = Release|Any CPU
		{A8CD1436-E6D4-4652-8B81-9FC7EF9CA644}.Release|iPhoneSimulator.Build.0 = Release|Any CPU
		{A8CD1436-E6D4-4652-8B81-9FC7EF9CA644}.Release|x64.ActiveCfg = Release|Any CPU
		{A8CD1436-E6D4-4652-8B81-9FC7EF9CA644}.Release|x64.Build.0 = Release|Any CPU
		{A8CD1436-E6D4-4652-8B81-9FC7EF9CA644}.Release|x86.ActiveCfg = Release|Any CPU
		{A8CD1436-E6D4-4652-8B81-9FC7EF9CA644}.Release|x86.Build.0 = Release|Any CPU
		{8756B28C-F968-42CA-AF18-485E32A78881}.Ad-Hoc|Any CPU.ActiveCfg = Release|Any CPU
		{8756B28C-F968-42CA-AF18-485E32A78881}.Ad-Hoc|Any CPU.Build.0 = Release|Any CPU
		{8756B28C-F968-42CA-AF18-485E32A78881}.Ad-Hoc|ARM.ActiveCfg = Release|Any CPU
		{8756B28C-F968-42CA-AF18-485E32A78881}.Ad-Hoc|ARM.Build.0 = Release|Any CPU
		{8756B28C-F968-42CA-AF18-485E32A78881}.Ad-Hoc|iPhone.ActiveCfg = Release|Any CPU
		{8756B28C-F968-42CA-AF18-485E32A78881}.Ad-Hoc|iPhone.Build.0 = Release|Any CPU
		{8756B28C-F968-42CA-AF18-485E32A78881}.Ad-Hoc|iPhoneSimulator.ActiveCfg = Release|Any CPU
		{8756B28C-F968-42CA-AF18-485E32A78881}.Ad-Hoc|iPhoneSimulator.Build.0 = Release|Any CPU
		{8756B28C-F968-42CA-AF18-485E32A78881}.Ad-Hoc|x64.ActiveCfg = Release|Any CPU
		{8756B28C-F968-42CA-AF18-485E32A78881}.Ad-Hoc|x64.Build.0 = Release|Any CPU
		{8756B28C-F968-42CA-AF18-485E32A78881}.Ad-Hoc|x86.ActiveCfg = Release|Any CPU
		{8756B28C-F968-42CA-AF18-485E32A78881}.Ad-Hoc|x86.Build.0 = Release|Any CPU
		{8756B28C-F968-42CA-AF18-485E32A78881}.AppStore|Any CPU.ActiveCfg = Release|Any CPU
		{8756B28C-F968-42CA-AF18-485E32A78881}.AppStore|Any CPU.Build.0 = Release|Any CPU
		{8756B28C-F968-42CA-AF18-485E32A78881}.AppStore|ARM.ActiveCfg = Release|Any CPU
		{8756B28C-F968-42CA-AF18-485E32A78881}.AppStore|ARM.Build.0 = Release|Any CPU
		{8756B28C-F968-42CA-AF18-485E32A78881}.AppStore|iPhone.ActiveCfg = Release|Any CPU
		{8756B28C-F968-42CA-AF18-485E32A78881}.AppStore|iPhone.Build.0 = Release|Any CPU
		{8756B28C-F968-42CA-AF18-485E32A78881}.AppStore|iPhoneSimulator.ActiveCfg = Release|Any CPU
		{8756B28C-F968-42CA-AF18-485E32A78881}.AppStore|iPhoneSimulator.Build.0 = Release|Any CPU
		{8756B28C-F968-42CA-AF18-485E32A78881}.AppStore|x64.ActiveCfg = Release|Any CPU
		{8756B28C-F968-42CA-AF18-485E32A78881}.AppStore|x64.Build.0 = Release|Any CPU
		{8756B28C-F968-42CA-AF18-485E32A78881}.AppStore|x86.ActiveCfg = Release|Any CPU
		{8756B28C-F968-42CA-AF18-485E32A78881}.AppStore|x86.Build.0 = Release|Any CPU
		{8756B28C-F968-42CA-AF18-485E32A78881}.Debug|Any CPU.ActiveCfg = Debug|Any CPU
		{8756B28C-F968-42CA-AF18-485E32A78881}.Debug|Any CPU.Build.0 = Debug|Any CPU
		{8756B28C-F968-42CA-AF18-485E32A78881}.Debug|ARM.ActiveCfg = Debug|Any CPU
		{8756B28C-F968-42CA-AF18-485E32A78881}.Debug|ARM.Build.0 = Debug|Any CPU
		{8756B28C-F968-42CA-AF18-485E32A78881}.Debug|iPhone.ActiveCfg = Debug|Any CPU
		{8756B28C-F968-42CA-AF18-485E32A78881}.Debug|iPhone.Build.0 = Debug|Any CPU
		{8756B28C-F968-42CA-AF18-485E32A78881}.Debug|iPhoneSimulator.ActiveCfg = Debug|Any CPU
		{8756B28C-F968-42CA-AF18-485E32A78881}.Debug|iPhoneSimulator.Build.0 = Debug|Any CPU
		{8756B28C-F968-42CA-AF18-485E32A78881}.Debug|x64.ActiveCfg = Debug|Any CPU
		{8756B28C-F968-42CA-AF18-485E32A78881}.Debug|x64.Build.0 = Debug|Any CPU
		{8756B28C-F968-42CA-AF18-485E32A78881}.Debug|x86.ActiveCfg = Debug|Any CPU
		{8756B28C-F968-42CA-AF18-485E32A78881}.Debug|x86.Build.0 = Debug|Any CPU
		{8756B28C-F968-42CA-AF18-485E32A78881}.Release|Any CPU.ActiveCfg = Release|Any CPU
		{8756B28C-F968-42CA-AF18-485E32A78881}.Release|Any CPU.Build.0 = Release|Any CPU
		{8756B28C-F968-42CA-AF18-485E32A78881}.Release|ARM.ActiveCfg = Release|Any CPU
		{8756B28C-F968-42CA-AF18-485E32A78881}.Release|ARM.Build.0 = Release|Any CPU
		{8756B28C-F968-42CA-AF18-485E32A78881}.Release|iPhone.ActiveCfg = Release|Any CPU
		{8756B28C-F968-42CA-AF18-485E32A78881}.Release|iPhone.Build.0 = Release|Any CPU
		{8756B28C-F968-42CA-AF18-485E32A78881}.Release|iPhoneSimulator.ActiveCfg = Release|Any CPU
		{8756B28C-F968-42CA-AF18-485E32A78881}.Release|iPhoneSimulator.Build.0 = Release|Any CPU
		{8756B28C-F968-42CA-AF18-485E32A78881}.Release|x64.ActiveCfg = Release|Any CPU
		{8756B28C-F968-42CA-AF18-485E32A78881}.Release|x64.Build.0 = Release|Any CPU
		{8756B28C-F968-42CA-AF18-485E32A78881}.Release|x86.ActiveCfg = Release|Any CPU
		{8756B28C-F968-42CA-AF18-485E32A78881}.Release|x86.Build.0 = Release|Any CPU
		{764BD041-F545-4732-8578-0FE5DC684EF3}.Ad-Hoc|Any CPU.ActiveCfg = Release|Any CPU
		{764BD041-F545-4732-8578-0FE5DC684EF3}.Ad-Hoc|Any CPU.Build.0 = Release|Any CPU
		{764BD041-F545-4732-8578-0FE5DC684EF3}.Ad-Hoc|ARM.ActiveCfg = Release|Any CPU
		{764BD041-F545-4732-8578-0FE5DC684EF3}.Ad-Hoc|ARM.Build.0 = Release|Any CPU
		{764BD041-F545-4732-8578-0FE5DC684EF3}.Ad-Hoc|iPhone.ActiveCfg = Release|Any CPU
		{764BD041-F545-4732-8578-0FE5DC684EF3}.Ad-Hoc|iPhone.Build.0 = Release|Any CPU
		{764BD041-F545-4732-8578-0FE5DC684EF3}.Ad-Hoc|iPhoneSimulator.ActiveCfg = Release|Any CPU
		{764BD041-F545-4732-8578-0FE5DC684EF3}.Ad-Hoc|iPhoneSimulator.Build.0 = Release|Any CPU
		{764BD041-F545-4732-8578-0FE5DC684EF3}.Ad-Hoc|x64.ActiveCfg = Release|Any CPU
		{764BD041-F545-4732-8578-0FE5DC684EF3}.Ad-Hoc|x64.Build.0 = Release|Any CPU
		{764BD041-F545-4732-8578-0FE5DC684EF3}.Ad-Hoc|x86.ActiveCfg = Release|Any CPU
		{764BD041-F545-4732-8578-0FE5DC684EF3}.Ad-Hoc|x86.Build.0 = Release|Any CPU
		{764BD041-F545-4732-8578-0FE5DC684EF3}.AppStore|Any CPU.ActiveCfg = Release|Any CPU
		{764BD041-F545-4732-8578-0FE5DC684EF3}.AppStore|Any CPU.Build.0 = Release|Any CPU
		{764BD041-F545-4732-8578-0FE5DC684EF3}.AppStore|ARM.ActiveCfg = Release|Any CPU
		{764BD041-F545-4732-8578-0FE5DC684EF3}.AppStore|ARM.Build.0 = Release|Any CPU
		{764BD041-F545-4732-8578-0FE5DC684EF3}.AppStore|iPhone.ActiveCfg = Release|Any CPU
		{764BD041-F545-4732-8578-0FE5DC684EF3}.AppStore|iPhone.Build.0 = Release|Any CPU
		{764BD041-F545-4732-8578-0FE5DC684EF3}.AppStore|iPhoneSimulator.ActiveCfg = Release|Any CPU
		{764BD041-F545-4732-8578-0FE5DC684EF3}.AppStore|iPhoneSimulator.Build.0 = Release|Any CPU
		{764BD041-F545-4732-8578-0FE5DC684EF3}.AppStore|x64.ActiveCfg = Release|Any CPU
		{764BD041-F545-4732-8578-0FE5DC684EF3}.AppStore|x64.Build.0 = Release|Any CPU
		{764BD041-F545-4732-8578-0FE5DC684EF3}.AppStore|x86.ActiveCfg = Release|Any CPU
		{764BD041-F545-4732-8578-0FE5DC684EF3}.AppStore|x86.Build.0 = Release|Any CPU
		{764BD041-F545-4732-8578-0FE5DC684EF3}.Debug|Any CPU.ActiveCfg = Debug|Any CPU
		{764BD041-F545-4732-8578-0FE5DC684EF3}.Debug|Any CPU.Build.0 = Debug|Any CPU
		{764BD041-F545-4732-8578-0FE5DC684EF3}.Debug|ARM.ActiveCfg = Debug|Any CPU
		{764BD041-F545-4732-8578-0FE5DC684EF3}.Debug|ARM.Build.0 = Debug|Any CPU
		{764BD041-F545-4732-8578-0FE5DC684EF3}.Debug|iPhone.ActiveCfg = Debug|Any CPU
		{764BD041-F545-4732-8578-0FE5DC684EF3}.Debug|iPhone.Build.0 = Debug|Any CPU
		{764BD041-F545-4732-8578-0FE5DC684EF3}.Debug|iPhoneSimulator.ActiveCfg = Debug|Any CPU
		{764BD041-F545-4732-8578-0FE5DC684EF3}.Debug|iPhoneSimulator.Build.0 = Debug|Any CPU
		{764BD041-F545-4732-8578-0FE5DC684EF3}.Debug|x64.ActiveCfg = Debug|Any CPU
		{764BD041-F545-4732-8578-0FE5DC684EF3}.Debug|x64.Build.0 = Debug|Any CPU
		{764BD041-F545-4732-8578-0FE5DC684EF3}.Debug|x86.ActiveCfg = Debug|Any CPU
		{764BD041-F545-4732-8578-0FE5DC684EF3}.Debug|x86.Build.0 = Debug|Any CPU
		{764BD041-F545-4732-8578-0FE5DC684EF3}.Release|Any CPU.ActiveCfg = Release|Any CPU
		{764BD041-F545-4732-8578-0FE5DC684EF3}.Release|Any CPU.Build.0 = Release|Any CPU
		{764BD041-F545-4732-8578-0FE5DC684EF3}.Release|ARM.ActiveCfg = Release|Any CPU
		{764BD041-F545-4732-8578-0FE5DC684EF3}.Release|ARM.Build.0 = Release|Any CPU
		{764BD041-F545-4732-8578-0FE5DC684EF3}.Release|iPhone.ActiveCfg = Release|Any CPU
		{764BD041-F545-4732-8578-0FE5DC684EF3}.Release|iPhone.Build.0 = Release|Any CPU
		{764BD041-F545-4732-8578-0FE5DC684EF3}.Release|iPhoneSimulator.ActiveCfg = Release|Any CPU
		{764BD041-F545-4732-8578-0FE5DC684EF3}.Release|iPhoneSimulator.Build.0 = Release|Any CPU
		{764BD041-F545-4732-8578-0FE5DC684EF3}.Release|x64.ActiveCfg = Release|Any CPU
		{764BD041-F545-4732-8578-0FE5DC684EF3}.Release|x64.Build.0 = Release|Any CPU
		{764BD041-F545-4732-8578-0FE5DC684EF3}.Release|x86.ActiveCfg = Release|Any CPU
		{764BD041-F545-4732-8578-0FE5DC684EF3}.Release|x86.Build.0 = Release|Any CPU
		{09AED241-1F55-4E54-A2F9-DDC5B18231A3}.Ad-Hoc|Any CPU.ActiveCfg = Release|Any CPU
		{09AED241-1F55-4E54-A2F9-DDC5B18231A3}.Ad-Hoc|Any CPU.Build.0 = Release|Any CPU
		{09AED241-1F55-4E54-A2F9-DDC5B18231A3}.Ad-Hoc|Any CPU.Deploy.0 = Release|Any CPU
		{09AED241-1F55-4E54-A2F9-DDC5B18231A3}.Ad-Hoc|ARM.ActiveCfg = Release|Any CPU
		{09AED241-1F55-4E54-A2F9-DDC5B18231A3}.Ad-Hoc|ARM.Build.0 = Release|Any CPU
		{09AED241-1F55-4E54-A2F9-DDC5B18231A3}.Ad-Hoc|ARM.Deploy.0 = Release|Any CPU
		{09AED241-1F55-4E54-A2F9-DDC5B18231A3}.Ad-Hoc|iPhone.ActiveCfg = Release|Any CPU
		{09AED241-1F55-4E54-A2F9-DDC5B18231A3}.Ad-Hoc|iPhone.Build.0 = Release|Any CPU
		{09AED241-1F55-4E54-A2F9-DDC5B18231A3}.Ad-Hoc|iPhone.Deploy.0 = Release|Any CPU
		{09AED241-1F55-4E54-A2F9-DDC5B18231A3}.Ad-Hoc|iPhoneSimulator.ActiveCfg = Release|Any CPU
		{09AED241-1F55-4E54-A2F9-DDC5B18231A3}.Ad-Hoc|iPhoneSimulator.Build.0 = Release|Any CPU
		{09AED241-1F55-4E54-A2F9-DDC5B18231A3}.Ad-Hoc|iPhoneSimulator.Deploy.0 = Release|Any CPU
		{09AED241-1F55-4E54-A2F9-DDC5B18231A3}.Ad-Hoc|x64.ActiveCfg = Release|Any CPU
		{09AED241-1F55-4E54-A2F9-DDC5B18231A3}.Ad-Hoc|x64.Build.0 = Release|Any CPU
		{09AED241-1F55-4E54-A2F9-DDC5B18231A3}.Ad-Hoc|x64.Deploy.0 = Release|Any CPU
		{09AED241-1F55-4E54-A2F9-DDC5B18231A3}.Ad-Hoc|x86.ActiveCfg = Release|Any CPU
		{09AED241-1F55-4E54-A2F9-DDC5B18231A3}.Ad-Hoc|x86.Build.0 = Release|Any CPU
		{09AED241-1F55-4E54-A2F9-DDC5B18231A3}.Ad-Hoc|x86.Deploy.0 = Release|Any CPU
		{09AED241-1F55-4E54-A2F9-DDC5B18231A3}.AppStore|Any CPU.ActiveCfg = Release|Any CPU
		{09AED241-1F55-4E54-A2F9-DDC5B18231A3}.AppStore|Any CPU.Build.0 = Release|Any CPU
		{09AED241-1F55-4E54-A2F9-DDC5B18231A3}.AppStore|Any CPU.Deploy.0 = Release|Any CPU
		{09AED241-1F55-4E54-A2F9-DDC5B18231A3}.AppStore|ARM.ActiveCfg = Release|Any CPU
		{09AED241-1F55-4E54-A2F9-DDC5B18231A3}.AppStore|ARM.Build.0 = Release|Any CPU
		{09AED241-1F55-4E54-A2F9-DDC5B18231A3}.AppStore|ARM.Deploy.0 = Release|Any CPU
		{09AED241-1F55-4E54-A2F9-DDC5B18231A3}.AppStore|iPhone.ActiveCfg = Release|Any CPU
		{09AED241-1F55-4E54-A2F9-DDC5B18231A3}.AppStore|iPhone.Build.0 = Release|Any CPU
		{09AED241-1F55-4E54-A2F9-DDC5B18231A3}.AppStore|iPhone.Deploy.0 = Release|Any CPU
		{09AED241-1F55-4E54-A2F9-DDC5B18231A3}.AppStore|iPhoneSimulator.ActiveCfg = Release|Any CPU
		{09AED241-1F55-4E54-A2F9-DDC5B18231A3}.AppStore|iPhoneSimulator.Build.0 = Release|Any CPU
		{09AED241-1F55-4E54-A2F9-DDC5B18231A3}.AppStore|iPhoneSimulator.Deploy.0 = Release|Any CPU
		{09AED241-1F55-4E54-A2F9-DDC5B18231A3}.AppStore|x64.ActiveCfg = Release|Any CPU
		{09AED241-1F55-4E54-A2F9-DDC5B18231A3}.AppStore|x64.Build.0 = Release|Any CPU
		{09AED241-1F55-4E54-A2F9-DDC5B18231A3}.AppStore|x64.Deploy.0 = Release|Any CPU
		{09AED241-1F55-4E54-A2F9-DDC5B18231A3}.AppStore|x86.ActiveCfg = Release|Any CPU
		{09AED241-1F55-4E54-A2F9-DDC5B18231A3}.AppStore|x86.Build.0 = Release|Any CPU
		{09AED241-1F55-4E54-A2F9-DDC5B18231A3}.AppStore|x86.Deploy.0 = Release|Any CPU
		{09AED241-1F55-4E54-A2F9-DDC5B18231A3}.Debug|Any CPU.ActiveCfg = Debug|Any CPU
		{09AED241-1F55-4E54-A2F9-DDC5B18231A3}.Debug|Any CPU.Build.0 = Debug|Any CPU
		{09AED241-1F55-4E54-A2F9-DDC5B18231A3}.Debug|Any CPU.Deploy.0 = Debug|Any CPU
		{09AED241-1F55-4E54-A2F9-DDC5B18231A3}.Debug|ARM.ActiveCfg = Debug|Any CPU
		{09AED241-1F55-4E54-A2F9-DDC5B18231A3}.Debug|ARM.Build.0 = Debug|Any CPU
		{09AED241-1F55-4E54-A2F9-DDC5B18231A3}.Debug|ARM.Deploy.0 = Debug|Any CPU
		{09AED241-1F55-4E54-A2F9-DDC5B18231A3}.Debug|iPhone.ActiveCfg = Debug|Any CPU
		{09AED241-1F55-4E54-A2F9-DDC5B18231A3}.Debug|iPhone.Build.0 = Debug|Any CPU
		{09AED241-1F55-4E54-A2F9-DDC5B18231A3}.Debug|iPhone.Deploy.0 = Debug|Any CPU
		{09AED241-1F55-4E54-A2F9-DDC5B18231A3}.Debug|iPhoneSimulator.ActiveCfg = Debug|Any CPU
		{09AED241-1F55-4E54-A2F9-DDC5B18231A3}.Debug|iPhoneSimulator.Build.0 = Debug|Any CPU
		{09AED241-1F55-4E54-A2F9-DDC5B18231A3}.Debug|iPhoneSimulator.Deploy.0 = Debug|Any CPU
		{09AED241-1F55-4E54-A2F9-DDC5B18231A3}.Debug|x64.ActiveCfg = Debug|Any CPU
		{09AED241-1F55-4E54-A2F9-DDC5B18231A3}.Debug|x64.Build.0 = Debug|Any CPU
		{09AED241-1F55-4E54-A2F9-DDC5B18231A3}.Debug|x64.Deploy.0 = Debug|Any CPU
		{09AED241-1F55-4E54-A2F9-DDC5B18231A3}.Debug|x86.ActiveCfg = Debug|Any CPU
		{09AED241-1F55-4E54-A2F9-DDC5B18231A3}.Debug|x86.Build.0 = Debug|Any CPU
		{09AED241-1F55-4E54-A2F9-DDC5B18231A3}.Debug|x86.Deploy.0 = Debug|Any CPU
		{09AED241-1F55-4E54-A2F9-DDC5B18231A3}.Release|Any CPU.ActiveCfg = Release|Any CPU
		{09AED241-1F55-4E54-A2F9-DDC5B18231A3}.Release|Any CPU.Build.0 = Release|Any CPU
		{09AED241-1F55-4E54-A2F9-DDC5B18231A3}.Release|Any CPU.Deploy.0 = Release|Any CPU
		{09AED241-1F55-4E54-A2F9-DDC5B18231A3}.Release|ARM.ActiveCfg = Release|Any CPU
		{09AED241-1F55-4E54-A2F9-DDC5B18231A3}.Release|ARM.Build.0 = Release|Any CPU
		{09AED241-1F55-4E54-A2F9-DDC5B18231A3}.Release|ARM.Deploy.0 = Release|Any CPU
		{09AED241-1F55-4E54-A2F9-DDC5B18231A3}.Release|iPhone.ActiveCfg = Release|Any CPU
		{09AED241-1F55-4E54-A2F9-DDC5B18231A3}.Release|iPhone.Build.0 = Release|Any CPU
		{09AED241-1F55-4E54-A2F9-DDC5B18231A3}.Release|iPhone.Deploy.0 = Release|Any CPU
		{09AED241-1F55-4E54-A2F9-DDC5B18231A3}.Release|iPhoneSimulator.ActiveCfg = Release|Any CPU
		{09AED241-1F55-4E54-A2F9-DDC5B18231A3}.Release|iPhoneSimulator.Build.0 = Release|Any CPU
		{09AED241-1F55-4E54-A2F9-DDC5B18231A3}.Release|iPhoneSimulator.Deploy.0 = Release|Any CPU
		{09AED241-1F55-4E54-A2F9-DDC5B18231A3}.Release|x64.ActiveCfg = Release|Any CPU
		{09AED241-1F55-4E54-A2F9-DDC5B18231A3}.Release|x64.Build.0 = Release|Any CPU
		{09AED241-1F55-4E54-A2F9-DDC5B18231A3}.Release|x64.Deploy.0 = Release|Any CPU
		{09AED241-1F55-4E54-A2F9-DDC5B18231A3}.Release|x86.ActiveCfg = Release|Any CPU
		{09AED241-1F55-4E54-A2F9-DDC5B18231A3}.Release|x86.Build.0 = Release|Any CPU
		{09AED241-1F55-4E54-A2F9-DDC5B18231A3}.Release|x86.Deploy.0 = Release|Any CPU
		{BDA3D17F-C696-4B71-A50B-59206DF58509}.Ad-Hoc|Any CPU.ActiveCfg = Ad-Hoc|iPhone
		{BDA3D17F-C696-4B71-A50B-59206DF58509}.Ad-Hoc|ARM.ActiveCfg = Ad-Hoc|iPhone
		{BDA3D17F-C696-4B71-A50B-59206DF58509}.Ad-Hoc|iPhone.ActiveCfg = Ad-Hoc|iPhone
		{BDA3D17F-C696-4B71-A50B-59206DF58509}.Ad-Hoc|iPhone.Build.0 = Ad-Hoc|iPhone
		{BDA3D17F-C696-4B71-A50B-59206DF58509}.Ad-Hoc|iPhoneSimulator.ActiveCfg = Ad-Hoc|iPhoneSimulator
		{BDA3D17F-C696-4B71-A50B-59206DF58509}.Ad-Hoc|iPhoneSimulator.Build.0 = Ad-Hoc|iPhoneSimulator
		{BDA3D17F-C696-4B71-A50B-59206DF58509}.Ad-Hoc|x64.ActiveCfg = Ad-Hoc|iPhone
		{BDA3D17F-C696-4B71-A50B-59206DF58509}.Ad-Hoc|x86.ActiveCfg = Ad-Hoc|iPhone
		{BDA3D17F-C696-4B71-A50B-59206DF58509}.AppStore|Any CPU.ActiveCfg = AppStore|iPhone
		{BDA3D17F-C696-4B71-A50B-59206DF58509}.AppStore|ARM.ActiveCfg = AppStore|iPhone
		{BDA3D17F-C696-4B71-A50B-59206DF58509}.AppStore|iPhone.ActiveCfg = AppStore|iPhone
		{BDA3D17F-C696-4B71-A50B-59206DF58509}.AppStore|iPhone.Build.0 = AppStore|iPhone
		{BDA3D17F-C696-4B71-A50B-59206DF58509}.AppStore|iPhoneSimulator.ActiveCfg = AppStore|iPhoneSimulator
		{BDA3D17F-C696-4B71-A50B-59206DF58509}.AppStore|iPhoneSimulator.Build.0 = AppStore|iPhoneSimulator
		{BDA3D17F-C696-4B71-A50B-59206DF58509}.AppStore|x64.ActiveCfg = AppStore|iPhone
		{BDA3D17F-C696-4B71-A50B-59206DF58509}.AppStore|x86.ActiveCfg = AppStore|iPhone
		{BDA3D17F-C696-4B71-A50B-59206DF58509}.Debug|Any CPU.ActiveCfg = Debug|iPhone
		{BDA3D17F-C696-4B71-A50B-59206DF58509}.Debug|ARM.ActiveCfg = Debug|iPhone
		{BDA3D17F-C696-4B71-A50B-59206DF58509}.Debug|iPhone.ActiveCfg = Debug|iPhone
		{BDA3D17F-C696-4B71-A50B-59206DF58509}.Debug|iPhone.Build.0 = Debug|iPhone
		{BDA3D17F-C696-4B71-A50B-59206DF58509}.Debug|iPhoneSimulator.ActiveCfg = Debug|iPhoneSimulator
		{BDA3D17F-C696-4B71-A50B-59206DF58509}.Debug|iPhoneSimulator.Build.0 = Debug|iPhoneSimulator
		{BDA3D17F-C696-4B71-A50B-59206DF58509}.Debug|x64.ActiveCfg = Debug|iPhone
		{BDA3D17F-C696-4B71-A50B-59206DF58509}.Debug|x86.ActiveCfg = Debug|iPhone
		{BDA3D17F-C696-4B71-A50B-59206DF58509}.Release|Any CPU.ActiveCfg = Release|iPhone
		{BDA3D17F-C696-4B71-A50B-59206DF58509}.Release|ARM.ActiveCfg = Release|iPhone
		{BDA3D17F-C696-4B71-A50B-59206DF58509}.Release|iPhone.ActiveCfg = Release|iPhone
		{BDA3D17F-C696-4B71-A50B-59206DF58509}.Release|iPhone.Build.0 = Release|iPhone
		{BDA3D17F-C696-4B71-A50B-59206DF58509}.Release|iPhoneSimulator.ActiveCfg = Release|iPhoneSimulator
		{BDA3D17F-C696-4B71-A50B-59206DF58509}.Release|iPhoneSimulator.Build.0 = Release|iPhoneSimulator
		{BDA3D17F-C696-4B71-A50B-59206DF58509}.Release|x64.ActiveCfg = Release|iPhone
		{BDA3D17F-C696-4B71-A50B-59206DF58509}.Release|x86.ActiveCfg = Release|iPhone
		{3199BB27-B40D-4761-BCA0-7A76E767E873}.Ad-Hoc|Any CPU.ActiveCfg = Release|x86
		{3199BB27-B40D-4761-BCA0-7A76E767E873}.Ad-Hoc|Any CPU.Build.0 = Release|x86
		{3199BB27-B40D-4761-BCA0-7A76E767E873}.Ad-Hoc|Any CPU.Deploy.0 = Release|x86
		{3199BB27-B40D-4761-BCA0-7A76E767E873}.Ad-Hoc|ARM.ActiveCfg = Release|ARM
		{3199BB27-B40D-4761-BCA0-7A76E767E873}.Ad-Hoc|ARM.Build.0 = Release|ARM
		{3199BB27-B40D-4761-BCA0-7A76E767E873}.Ad-Hoc|ARM.Deploy.0 = Release|ARM
		{3199BB27-B40D-4761-BCA0-7A76E767E873}.Ad-Hoc|iPhone.ActiveCfg = Release|x86
		{3199BB27-B40D-4761-BCA0-7A76E767E873}.Ad-Hoc|iPhone.Build.0 = Release|x86
		{3199BB27-B40D-4761-BCA0-7A76E767E873}.Ad-Hoc|iPhone.Deploy.0 = Release|x86
		{3199BB27-B40D-4761-BCA0-7A76E767E873}.Ad-Hoc|iPhoneSimulator.ActiveCfg = Release|x86
		{3199BB27-B40D-4761-BCA0-7A76E767E873}.Ad-Hoc|iPhoneSimulator.Build.0 = Release|x86
		{3199BB27-B40D-4761-BCA0-7A76E767E873}.Ad-Hoc|iPhoneSimulator.Deploy.0 = Release|x86
		{3199BB27-B40D-4761-BCA0-7A76E767E873}.Ad-Hoc|x64.ActiveCfg = Release|x64
		{3199BB27-B40D-4761-BCA0-7A76E767E873}.Ad-Hoc|x64.Build.0 = Release|x64
		{3199BB27-B40D-4761-BCA0-7A76E767E873}.Ad-Hoc|x64.Deploy.0 = Release|x64
		{3199BB27-B40D-4761-BCA0-7A76E767E873}.Ad-Hoc|x86.ActiveCfg = Release|x86
		{3199BB27-B40D-4761-BCA0-7A76E767E873}.Ad-Hoc|x86.Build.0 = Release|x86
		{3199BB27-B40D-4761-BCA0-7A76E767E873}.Ad-Hoc|x86.Deploy.0 = Release|x86
		{3199BB27-B40D-4761-BCA0-7A76E767E873}.AppStore|Any CPU.ActiveCfg = Release|x86
		{3199BB27-B40D-4761-BCA0-7A76E767E873}.AppStore|Any CPU.Build.0 = Release|x86
		{3199BB27-B40D-4761-BCA0-7A76E767E873}.AppStore|Any CPU.Deploy.0 = Release|x86
		{3199BB27-B40D-4761-BCA0-7A76E767E873}.AppStore|ARM.ActiveCfg = Release|ARM
		{3199BB27-B40D-4761-BCA0-7A76E767E873}.AppStore|ARM.Build.0 = Release|ARM
		{3199BB27-B40D-4761-BCA0-7A76E767E873}.AppStore|ARM.Deploy.0 = Release|ARM
		{3199BB27-B40D-4761-BCA0-7A76E767E873}.AppStore|iPhone.ActiveCfg = Release|x86
		{3199BB27-B40D-4761-BCA0-7A76E767E873}.AppStore|iPhone.Build.0 = Release|x86
		{3199BB27-B40D-4761-BCA0-7A76E767E873}.AppStore|iPhone.Deploy.0 = Release|x86
		{3199BB27-B40D-4761-BCA0-7A76E767E873}.AppStore|iPhoneSimulator.ActiveCfg = Release|x86
		{3199BB27-B40D-4761-BCA0-7A76E767E873}.AppStore|iPhoneSimulator.Build.0 = Release|x86
		{3199BB27-B40D-4761-BCA0-7A76E767E873}.AppStore|iPhoneSimulator.Deploy.0 = Release|x86
		{3199BB27-B40D-4761-BCA0-7A76E767E873}.AppStore|x64.ActiveCfg = Release|x64
		{3199BB27-B40D-4761-BCA0-7A76E767E873}.AppStore|x64.Build.0 = Release|x64
		{3199BB27-B40D-4761-BCA0-7A76E767E873}.AppStore|x64.Deploy.0 = Release|x64
		{3199BB27-B40D-4761-BCA0-7A76E767E873}.AppStore|x86.ActiveCfg = Release|x86
		{3199BB27-B40D-4761-BCA0-7A76E767E873}.AppStore|x86.Build.0 = Release|x86
		{3199BB27-B40D-4761-BCA0-7A76E767E873}.AppStore|x86.Deploy.0 = Release|x86
		{3199BB27-B40D-4761-BCA0-7A76E767E873}.Debug|Any CPU.ActiveCfg = Debug|x86
		{3199BB27-B40D-4761-BCA0-7A76E767E873}.Debug|ARM.ActiveCfg = Debug|ARM
		{3199BB27-B40D-4761-BCA0-7A76E767E873}.Debug|ARM.Build.0 = Debug|ARM
		{3199BB27-B40D-4761-BCA0-7A76E767E873}.Debug|ARM.Deploy.0 = Debug|ARM
		{3199BB27-B40D-4761-BCA0-7A76E767E873}.Debug|iPhone.ActiveCfg = Debug|x86
		{3199BB27-B40D-4761-BCA0-7A76E767E873}.Debug|iPhoneSimulator.ActiveCfg = Debug|x86
		{3199BB27-B40D-4761-BCA0-7A76E767E873}.Debug|x64.ActiveCfg = Debug|x64
		{3199BB27-B40D-4761-BCA0-7A76E767E873}.Debug|x64.Build.0 = Debug|x64
		{3199BB27-B40D-4761-BCA0-7A76E767E873}.Debug|x64.Deploy.0 = Debug|x64
		{3199BB27-B40D-4761-BCA0-7A76E767E873}.Debug|x86.ActiveCfg = Debug|x86
		{3199BB27-B40D-4761-BCA0-7A76E767E873}.Debug|x86.Build.0 = Debug|x86
		{3199BB27-B40D-4761-BCA0-7A76E767E873}.Debug|x86.Deploy.0 = Debug|x86
		{3199BB27-B40D-4761-BCA0-7A76E767E873}.Release|Any CPU.ActiveCfg = Release|x86
		{3199BB27-B40D-4761-BCA0-7A76E767E873}.Release|ARM.ActiveCfg = Release|ARM
		{3199BB27-B40D-4761-BCA0-7A76E767E873}.Release|ARM.Build.0 = Release|ARM
		{3199BB27-B40D-4761-BCA0-7A76E767E873}.Release|ARM.Deploy.0 = Release|ARM
		{3199BB27-B40D-4761-BCA0-7A76E767E873}.Release|iPhone.ActiveCfg = Release|x86
		{3199BB27-B40D-4761-BCA0-7A76E767E873}.Release|iPhoneSimulator.ActiveCfg = Release|x86
		{3199BB27-B40D-4761-BCA0-7A76E767E873}.Release|x64.ActiveCfg = Release|x64
		{3199BB27-B40D-4761-BCA0-7A76E767E873}.Release|x64.Build.0 = Release|x64
		{3199BB27-B40D-4761-BCA0-7A76E767E873}.Release|x64.Deploy.0 = Release|x64
		{3199BB27-B40D-4761-BCA0-7A76E767E873}.Release|x86.ActiveCfg = Release|x86
		{3199BB27-B40D-4761-BCA0-7A76E767E873}.Release|x86.Build.0 = Release|x86
		{3199BB27-B40D-4761-BCA0-7A76E767E873}.Release|x86.Deploy.0 = Release|x86
	EndGlobalSection
	GlobalSection(SolutionProperties) = preSolution
		HideSolutionNode = FALSE
	EndGlobalSection
	GlobalSection(ExtensibilityGlobals) = postSolution
		SolutionGuid = {C6C2BA39-3DD1-425A-9032-B04752032999}
	EndGlobalSection
EndGlobal
